
Microsoft Visual Studio Solution File, Format Version 12.00
# Visual Studio Version 17
VisualStudioVersion = 17.10.35027.167
MinimumVisualStudioVersion = 10.0.40219.1
Project("{F184B08F-C81C-45F6-A57F-5ABD9991F28F}") = "MIGS Feed Batching System", "MIGS Feed Batching System\MIGS Feed Batching System.vbproj", "{2DB197D5-7FE7-4D32-B5AD-C0A6AD7699E1}"
EndProject
Global
	GlobalSection(SolutionConfigurationPlatforms) = preSolution
		Debug|Any CPU = Debug|Any CPU
		Release|Any CPU = Release|Any CPU
	EndGlobalSection
	GlobalSection(ProjectConfigurationPlatforms) = postSolution
		{2DB197D5-7FE7-4D32-B5AD-C0A6AD7699E1}.Debug|Any CPU.ActiveCfg = Debug|Any CPU
		{2DB197D5-7FE7-4D32-B5AD-C0A6AD7699E1}.Debug|Any CPU.Build.0 = Debug|Any CPU
		{2DB197D5-7FE7-4D32-B5AD-C0A6AD7699E1}.Release|Any CPU.ActiveCfg = Release|Any CPU
		{2DB197D5-7FE7-4D32-B5AD-C0A6AD7699E1}.Release|Any CPU.Build.0 = Release|Any CPU
	EndGlobalSection
	GlobalSection(SolutionProperties) = preSolution
		HideSolutionNode = FALSE
	EndGlobalSection
	GlobalSection(ExtensibilityGlobals) = postSolution
		SolutionGuid = {7C9120DE-CFDC-4018-9EF6-56C641CE0868}
	EndGlobalSection
EndGlobal
